// !$*UTF8*$!
{
	archiveVersion = 1;
	classes = {
	};
	objectVersion = 50;
	objects = {

/* Begin PBXBuildFile section */
		24D70BB6239A552900CCC6FD /* AppDelegate.swift in Sources */ = {isa = PBXBuildFile; fileRef = 24D70BB5239A552900CCC6FD /* AppDelegate.swift */; };
		24D70BB8239A552900CCC6FD /* SceneDelegate.swift in Sources */ = {isa = PBXBuildFile; fileRef = 24D70BB7239A552900CCC6FD /* SceneDelegate.swift */; };
		24D70BBA239A552900CCC6FD /* ViewController.swift in Sources */ = {isa = PBXBuildFile; fileRef = 24D70BB9239A552900CCC6FD /* ViewController.swift */; };
		24D70BBD239A552900CCC6FD /* Main.storyboard in Resources */ = {isa = PBXBuildFile; fileRef = 24D70BBB239A552900CCC6FD /* Main.storyboard */; };
		24D70BBF239A552F00CCC6FD /* Assets.xcassets in Resources */ = {isa = PBXBuildFile; fileRef = 24D70BBE239A552F00CCC6FD /* Assets.xcassets */; };
		24D70BC2239A552F00CCC6FD /* LaunchScreen.storyboard in Resources */ = {isa = PBXBuildFile; fileRef = 24D70BC0239A552F00CCC6FD /* LaunchScreen.storyboard */; };
/* End PBXBuildFile section */

/* Begin PBXFileReference section */
		24D70BB2239A552900CCC6FD /* TestTaskAlarm.app */ = {isa = PBXFileReference; explicitFileType = wrapper.application; includeInIndex = 0; path = TestTaskAlarm.app; sourceTree = BUILT_PRODUCTS_DIR; };
		24D70BB5239A552900CCC6FD /* AppDelegate.swift */ = {isa = PBXFileReference; lastKnownFileType = sourcecode.swift; path = AppDelegate.swift; sourceTree = "<group>"; };
		24D70BB7239A552900CCC6FD /* SceneDelegate.swift */ = {isa = PBXFileReference; lastKnownFileType = sourcecode.swift; path = SceneDelegate.swift; sourceTree = "<group>"; };
		24D70BB9239A552900CCC6FD /* ViewController.swift */ = {isa = PBXFileReference; lastKnownFileType = sourcecode.swift; path = ViewController.swift; sourceTree = "<group>"; };
		24D70BBC239A552900CCC6FD /* Base */ = {isa = PBXFileReference; lastKnownFileType = file.storyboard; name = Base; path = Base.lproj/Main.storyboard; sourceTree = "<group>"; };
		24D70BBE239A552F00CCC6FD /* Assets.xcassets */ = {isa = PBXFileReference; lastKnownFileType = folder.assetcatalog; path = Assets.xcassets; sourceTree = "<group>"; };
		24D70BC1239A552F00CCC6FD /* Base */ = {isa = PBXFileReference; lastKnownFileType = file.storyboard; name = Base; path = Base.lproj/LaunchScreen.storyboard; sourceTree = "<group>"; };
		24D70BC3239A552F00CCC6FD /* Info.plist */ = {isa = PBXFileReference; lastKnownFileType = text.plist.xml; path = Info.plist; sourceTree = "<group>"; };
/* End PBXFileReference section */

/* Begin PBXFrameworksBuildPhase section */
		24D70BAF239A552900CCC6FD /* Frameworks */ = {
			isa = PBXFrameworksBuildPhase;
			buildActionMask = 2147483647;
			files = (
			);
			runOnlyForDeploymentPostprocessing = 0;
		};
/* End PBXFrameworksBuildPhase section */

/* Begin PBXGroup section */
		24D70BA9239A552900CCC6FD = {
			isa = PBXGroup;
			children = (
				24D70BB4239A552900CCC6FD /* TestTaskAlarm */,
				24D70BB3239A552900CCC6FD /* Products */,
			);
			sourceTree = "<group>";
		};
		24D70BB3239A552900CCC6FD /* Products */ = {
			isa = PBXGroup;
			children = (
				24D70BB2239A552900CCC6FD /* TestTaskAlarm.app */,
			);
			name = Products;
			sourceTree = "<group>";
		};
		24D70BB4239A552900CCC6FD /* TestTaskAlarm */ = {
			isa = PBXGroup;
			children = (
				24D70BB5239A552900CCC6FD /* AppDelegate.swift */,
				24D70BB7239A552900CCC6FD /* SceneDelegate.swift */,
				24D70BB9239A552900CCC6FD /* ViewController.swift */,
				24D70BBB239A552900CCC6FD /* Main.storyboard */,
				24D70BBE239A552F00CCC6FD /* Assets.xcassets */,
				24D70BC0239A552F00CCC6FD /* LaunchScreen.storyboard */,
				24D70BC3239A552F00CCC6FD /* Info.plist */,
			);
			path = TestTaskAlarm;
			sourceTree = "<group>";
		};
/* End PBXGroup section */

/* Begin PBXNativeTarget section */
		24D70BB1239A552900CCC6FD /* TestTaskAlarm */ = {
			isa = PBXNativeTarget;
			buildConfigurationList = 24D70BC6239A552F00CCC6FD /* Build configuration list for PBXNativeTarget "TestTaskAlarm" */;
			buildPhases = (
				24D70BAE239A552900CCC6FD /* Sources */,
				24D70BAF239A552900CCC6FD /* Frameworks */,
				24D70BB0239A552900CCC6FD /* Resources */,
			);
			buildRules = (
			);
			dependencies = (
			);
			name = TestTaskAlarm;
			productName = TestTaskAlarm;
			productReference = 24D70BB2239A552900CCC6FD /* TestTaskAlarm.app */;
			productType = "com.apple.product-type.application";
		};
/* End PBXNativeTarget section */

/* Begin PBXProject section */
		24D70BAA239A552900CCC6FD /* Project object */ = {
			isa = PBXProject;
			attributes = {
				LastSwiftUpdateCheck = 1110;
				LastUpgradeCheck = 1110;
				ORGANIZATIONNAME = "Aidar Zhussupov";
				TargetAttributes = {
					24D70BB1239A552900CCC6FD = {
						CreatedOnToolsVersion = 11.1;
					};
				};
			};
			buildConfigurationList = 24D70BAD239A552900CCC6FD /* Build configuration list for PBXProject "TestTaskAlarm" */;
			compatibilityVersion = "Xcode 9.3";
			developmentRegion = en;
			hasScannedForEncodings = 0;
			knownRegions = (
				en,
				Base,
			);
			mainGroup = 24D70BA9239A552900CCC6FD;
			productRefGroup = 24D70BB3239A552900CCC6FD /* Products */;
			projectDirPath = "";
			projectRoot = "";
			targets = (
				24D70BB1239A552900CCC6FD /* TestTaskAlarm */,
			);
		};
/* End PBXProject section */

/* Begin PBXResourcesBuildPhase section */
		24D70BB0239A552900CCC6FD /* Resources */ = {
			isa = PBXResourcesBuildPhase;
			buildActionMask = 2147483647;
			files = (
				24D70BC2239A552F00CCC6FD /* LaunchScreen.storyboard in Resources */,
				24D70BBF239A552F00CCC6FD /* Assets.xcassets in Resources */,
				24D70BBD239A552900CCC6FD /* Main.storyboard in Resources */,
			);
			runOnlyForDeploymentPostprocessing = 0;
		};
/* End PBXResourcesBuildPhase section */

/* Begin PBXSourcesBuildPhase section */
		24D70BAE239A552900CCC6FD /* Sources */ = {
			isa = PBXSourcesBuildPhase;
			buildActionMask = 2147483647;
			files = (
				24D70BBA239A552900CCC6FD /* ViewController.swift in Sources */,
				24D70BB6239A552900CCC6FD /* AppDelegate.swift in Sources */,
				24D70BB8239A552900CCC6FD /* SceneDelegate.swift in Sources */,
			);
			runOnlyForDeploymentPostprocessing = 0;
		};
/* End PBXSourcesBuildPhase section */

/* Begin PBXVariantGroup section */
		24D70BBB239A552900CCC6FD /* Main.storyboard */ = {
			isa = PBXVariantGroup;
			children = (
				24D70BBC239A552900CCC6FD /* Base */,
			);
			name = Main.storyboard;
			sourceTree = "<group>";
		};
		24D70BC0239A552F00CCC6FD /* LaunchScreen.storyboard */ = {
			isa = PBXVariantGroup;
			children = (
				24D70BC1239A552F00CCC6FD /* Base */,
			);
			name = LaunchScreen.storyboard;
			sourceTree = "<group>";
		};
/* End PBXVariantGroup section */

/* Begin XCBuildConfiguration section */
		24D70BC4239A552F00CCC6FD /* Debug */ = {
			isa = XCBuildConfiguration;
			buildSettings = {
				ALWAYS_SEARCH_USER_PATHS = NO;
				CLANG_ANALYZER_NONNULL = YES;
				CLANG_ANALYZER_NUMBER_OBJECT_CONVERSION = YES_AGGRESSIVE;
				CLANG_CXX_LANGUAGE_STANDARD = "gnu++14";
				CLANG_CXX_LIBRARY = "libc++";
				CLANG_ENABLE_MODULES = YES;
				CLANG_ENABLE_OBJC_ARC = YES;
				CLANG_ENABLE_OBJC_WEAK = YES;
				CLANG_WARN_BLOCK_CAPTURE_AUTORELEASING = YES;
				CLANG_WARN_BOOL_CONVERSION = YES;
				CLANG_WARN_COMMA = YES;
				CLANG_WARN_CONSTANT_CONVERSION = YES;
				CLANG_WARN_DEPRECATED_OBJC_IMPLEMENTATIONS = YES;
				CLANG_WARN_DIRECT_OBJC_ISA_USAGE = YES_ERROR;
				CLANG_WARN_DOCUMENTATION_COMMENTS = YES;
				CLANG_WARN_EMPTY_BODY = YES;
				CLANG_WARN_ENUM_CONVERSION = YES;
				CLANG_WARN_INFINITE_RECURSION = YES;
				CLANG_WARN_INT_CONVERSION = YES;
				CLANG_WARN_NON_LITERAL_NULL_CONVERSION = YES;
				CLANG_WARN_OBJC_IMPLICIT_RETAIN_SELF = YES;
				CLANG_WARN_OBJC_LITERAL_CONVERSION = YES;
				CLANG_WARN_OBJC_ROOT_CLASS = YES_ERROR;
				CLANG_WARN_RANGE_LOOP_ANALYSIS = YES;
				CLANG_WARN_STRICT_PROTOTYPES = YES;
				CLANG_WARN_SUSPICIOUS_MOVE = YES;
				CLANG_WARN_UNGUARDED_AVAILABILITY = YES_AGGRESSIVE;
				CLANG_WARN_UNREACHABLE_CODE = YES;
				CLANG_WARN__DUPLICATE_METHOD_MATCH = YES;
				COPY_PHASE_STRIP = NO;
				DEBUG_INFORMATION_FORMAT = dwarf;
				ENABLE_STRICT_OBJC_MSGSEND = YES;
				ENABLE_TESTABILITY = YES;
				GCC_C_LANGUAGE_STANDARD = gnu11;
				GCC_DYNAMIC_NO_PIC = NO;
				GCC_NO_COMMON_BLOCKS = YES;
				GCC_OPTIMIZATION_LEVEL = 0;
				GCC_PREPROCESSOR_DEFINITIONS = (
					"DEBUG=1",
					"$(inherited)",
				);
				GCC_WARN_64_TO_32_BIT_CONVERSION = YES;
				GCC_WARN_ABOUT_RETURN_TYPE = YES_ERROR;
				GCC_WARN_UNDECLARED_SELECTOR = YES;
				GCC_WARN_UNINITIALIZED_AUTOS = YES_AGGRESSIVE;
				GCC_WARN_UNUSED_FUNCTION = YES;
				GCC_WARN_UNUSED_VARIABLE = YES;
				IPHONEOS_DEPLOYMENT_TARGET = 13.1;
				MTL_ENABLE_DEBUG_INFO = INCLUDE_SOURCE;
				MTL_FAST_MATH = YES;
				ONLY_ACTIVE_ARCH = YES;
				SDKROOT = iphoneos;
				SWIFT_ACTIVE_COMPILATION_CONDITIONS = DEBUG;
				SWIFT_OPTIMIZATION_LEVEL = "-Onone";
			};
			name = Debug;
		};
		24D70BC5239A552F00CCC6FD /* Release */ = {
			isa = XCBuildConfiguration;
			buildSettings = {
				ALWAYS_SEARCH_USER_PATHS = NO;
				CLANG_ANALYZER_NONNULL = YES;
				CLANG_ANALYZER_NUMBER_OBJECT_CONVERSION = YES_AGGRESSIVE;
				CLANG_CXX_LANGUAGE_STANDARD = "gnu++14";
				CLANG_CXX_LIBRARY = "libc++";
				CLANG_ENABLE_MODULES = YES;
				CLANG_ENABLE_OBJC_ARC = YES;
				CLANG_ENABLE_OBJC_WEAK = YES;
				CLANG_WARN_BLOCK_CAPTURE_AUTORELEASING = YES;
				CLANG_WARN_BOOL_CONVERSION = YES;
				CLANG_WARN_COMMA = YES;
				CLANG_WARN_CONSTANT_CONVERSION = YES;
				CLANG_WARN_DEPRECATED_OBJC_IMPLEMENTATIONS = YES;
				CLANG_WARN_DIRECT_OBJC_ISA_USAGE = YES_ERROR;
				CLANG_WARN_DOCUMENTATION_COMMENTS = YES;
				CLANG_WARN_EMPTY_BODY = YES;
				CLANG_WARN_ENUM_CONVERSION = YES;
				CLANG_WARN_INFINITE_RECURSION = YES;
				CLANG_WARN_INT_CONVERSION = YES;
				CLANG_WARN_NON_LITERAL_NULL_CONVERSION = YES;
				CLANG_WARN_OBJC_IMPLICIT_RETAIN_SELF = YES;
				CLANG_WARN_OBJC_LITERAL_CONVERSION = YES;
				CLANG_WARN_OBJC_ROOT_CLASS = YES_ERROR;
				CLANG_WARN_RANGE_LOOP_ANALYSIS = YES;
				CLANG_WARN_STRICT_PROTOTYPES = YES;
				CLANG_WARN_SUSPICIOUS_MOVE = YES;
				CLANG_WARN_UNGUARDED_AVAILABILITY = YES_AGGRESSIVE;
				CLANG_WARN_UNREACHABLE_CODE = YES;
				CLANG_WARN__DUPLICATE_METHOD_MATCH = YES;
				COPY_PHASE_STRIP = NO;
				DEBUG_INFORMATION_FORMAT = "dwarf-with-dsym";
				ENABLE_NS_ASSERTIONS = NO;
				ENABLE_STRICT_OBJC_MSGSEND = YES;
				GCC_C_LANGUAGE_STANDARD = gnu11;
				GCC_NO_COMMON_BLOCKS = YES;
				GCC_WARN_64_TO_32_BIT_CONVERSION = YES;
				GCC_WARN_ABOUT_RETURN_TYPE = YES_ERROR;
				GCC_WARN_UNDECLARED_SELECTOR = YES;
				GCC_WARN_UNINITIALIZED_AUTOS = YES_AGGRESSIVE;
				GCC_WARN_UNUSED_FUNCTION = YES;
				GCC_WARN_UNUSED_VARIABLE = YES;
				IPHONEOS_DEPLOYMENT_TARGET = 13.1;
				MTL_ENABLE_DEBUG_INFO = NO;
				MTL_FAST_MATH = YES;
				SDKROOT = iphoneos;
				SWIFT_COMPILATION_MODE = wholemodule;
				SWIFT_OPTIMIZATION_LEVEL = "-O";
				VALIDATE_PRODUCT = YES;
			};
			name = Release;
		};
		24D70BC7239A552F00CCC6FD /* Debug */ = {
			isa = XCBuildConfiguration;
			buildSettings = {
				ASSETCATALOG_COMPILER_APPICON_NAME = AppIcon;
				CODE_SIGN_STYLE = Automatic;
				DEVELOPMENT_TEAM = 6KB5RUBFJK;
				INFOPLIST_FILE = TestTaskAlarm/Info.plist;
				LD_RUNPATH_SEARCH_PATHS = (
					"$(inherited)",
					"@executable_path/Frameworks",
				);
				PRODUCT_BUNDLE_IDENTIFIER = kaisheng.TestTaskAlarm;
				PRODUCT_NAME = "$(TARGET_NAME)";
				SWIFT_VERSION = 5.0;
				TARGETED_DEVICE_FAMILY = "1,2";
			};
			name = Debug;
		};
		24D70BC8239A552F00CCC6FD /* Release */ = {
			isa = XCBuildConfiguration;
			buildSettings = {
				ASSETCATALOG_COMPILER_APPICON_NAME = AppIcon;
				CODE_SIGN_STYLE = Automatic;
				DEVELOPMENT_TEAM = 6KB5RUBFJK;
				INFOPLIST_FILE = TestTaskAlarm/Info.plist;
				LD_RUNPATH_SEARCH_PATHS = (
					"$(inherited)",
					"@executable_path/Frameworks",
				);
				PRODUCT_BUNDLE_IDENTIFIER = kaisheng.TestTaskAlarm;
				PRODUCT_NAME = "$(TARGET_NAME)";
				SWIFT_VERSION = 5.0;
				TARGETED_DEVICE_FAMILY = "1,2";
			};
			name = Release;
		};
/* End XCBuildConfiguration section */

/* Begin XCConfigurationList section */
		24D70BAD239A552900CCC6FD /* Build configuration list for PBXProject "TestTaskAlarm" */ = {
			isa = XCConfigurationList;
			buildConfigurations = (
				24D70BC4239A552F00CCC6FD /* Debug */,
				24D70BC5239A552F00CCC6FD /* Release */,
			);
			defaultConfigurationIsVisible = 0;
			defaultConfigurationName = Release;
		};
		24D70BC6239A552F00CCC6FD /* Build configuration list for PBXNativeTarget "TestTaskAlarm" */ = {
			isa = XCConfigurationList;
			buildConfigurations = (
				24D70BC7239A552F00CCC6FD /* Debug */,
				24D70BC8239A552F00CCC6FD /* Release */,
			);
			defaultConfigurationIsVisible = 0;
			defaultConfigurationName = Release;
		};
/* End XCConfigurationList section */
	};
	rootObject = 24D70BAA239A552900CCC6FD /* Project object */;
}
