// !$*UTF8*$!
{
	archiveVersion = 1;
	classes = {
	};
	objectVersion = 50;
	objects = {

/* Begin PBXBuildFile section */
		2484BC5A239A7D0F00BEE97E /* DetailVCViewModel.swift in Sources */ = {isa = PBXBuildFile; fileRef = 2484BC59239A7D0F00BEE97E /* DetailVCViewModel.swift */; };
		24BAD567239A69F800423111 /* DetailViewController.swift in Sources */ = {isa = PBXBuildFile; fileRef = 24BAD566239A69F800423111 /* DetailViewController.swift */; };
		24BAD56D239A743100423111 /* ScheduleDate.swift in Sources */ = {isa = PBXBuildFile; fileRef = 24BAD56C239A743100423111 /* ScheduleDate.swift */; };
		24D70BB6239A552900CCC6FD /* AppDelegate.swift in Sources */ = {isa = PBXBuildFile; fileRef = 24D70BB5239A552900CCC6FD /* AppDelegate.swift */; };
		24D70BB8239A552900CCC6FD /* SceneDelegate.swift in Sources */ = {isa = PBXBuildFile; fileRef = 24D70BB7239A552900CCC6FD /* SceneDelegate.swift */; };
		24D70BBA239A552900CCC6FD /* FirstViewController.swift in Sources */ = {isa = PBXBuildFile; fileRef = 24D70BB9239A552900CCC6FD /* FirstViewController.swift */; };
		24D70BBD239A552900CCC6FD /* Main.storyboard in Resources */ = {isa = PBXBuildFile; fileRef = 24D70BBB239A552900CCC6FD /* Main.storyboard */; };
		24D70BBF239A552F00CCC6FD /* Assets.xcassets in Resources */ = {isa = PBXBuildFile; fileRef = 24D70BBE239A552F00CCC6FD /* Assets.xcassets */; };
		24D70BC2239A552F00CCC6FD /* LaunchScreen.storyboard in Resources */ = {isa = PBXBuildFile; fileRef = 24D70BC0239A552F00CCC6FD /* LaunchScreen.storyboard */; };
		24D70BCA239A58D200CCC6FD /* ViewModel.swift in Sources */ = {isa = PBXBuildFile; fileRef = 24D70BC9239A58D100CCC6FD /* ViewModel.swift */; };
		E8D0A1111E359F4CAFE1C2D1 /* Pods_TestTaskAlarm.framework in Frameworks */ = {isa = PBXBuildFile; fileRef = D68C4AA376A16D6C28277D26 /* Pods_TestTaskAlarm.framework */; };
/* End PBXBuildFile section */

/* Begin PBXFileReference section */
		17AD9B975F087D7E83E73983 /* Pods-TestTaskAlarm.release.xcconfig */ = {isa = PBXFileReference; includeInIndex = 1; lastKnownFileType = text.xcconfig; name = "Pods-TestTaskAlarm.release.xcconfig"; path = "Target Support Files/Pods-TestTaskAlarm/Pods-TestTaskAlarm.release.xcconfig"; sourceTree = "<group>"; };
		2484BC59239A7D0F00BEE97E /* DetailVCViewModel.swift */ = {isa = PBXFileReference; lastKnownFileType = sourcecode.swift; path = DetailVCViewModel.swift; sourceTree = "<group>"; };
		24BAD566239A69F800423111 /* DetailViewController.swift */ = {isa = PBXFileReference; lastKnownFileType = sourcecode.swift; path = DetailViewController.swift; sourceTree = "<group>"; };
		24BAD56C239A743100423111 /* ScheduleDate.swift */ = {isa = PBXFileReference; lastKnownFileType = sourcecode.swift; path = ScheduleDate.swift; sourceTree = "<group>"; };
		24D70BB2239A552900CCC6FD /* TestTaskAlarm.app */ = {isa = PBXFileReference; explicitFileType = wrapper.application; includeInIndex = 0; path = TestTaskAlarm.app; sourceTree = BUILT_PRODUCTS_DIR; };
		24D70BB5239A552900CCC6FD /* AppDelegate.swift */ = {isa = PBXFileReference; lastKnownFileType = sourcecode.swift; path = AppDelegate.swift; sourceTree = "<group>"; };
		24D70BB7239A552900CCC6FD /* SceneDelegate.swift */ = {isa = PBXFileReference; lastKnownFileType = sourcecode.swift; path = SceneDelegate.swift; sourceTree = "<group>"; };
		24D70BB9239A552900CCC6FD /* FirstViewController.swift */ = {isa = PBXFileReference; lastKnownFileType = sourcecode.swift; path = FirstViewController.swift; sourceTree = "<group>"; };
		24D70BBC239A552900CCC6FD /* Base */ = {isa = PBXFileReference; lastKnownFileType = file.storyboard; name = Base; path = Base.lproj/Main.storyboard; sourceTree = "<group>"; };
		24D70BBE239A552F00CCC6FD /* Assets.xcassets */ = {isa = PBXFileReference; lastKnownFileType = folder.assetcatalog; path = Assets.xcassets; sourceTree = "<group>"; };
		24D70BC1239A552F00CCC6FD /* Base */ = {isa = PBXFileReference; lastKnownFileType = file.storyboard; name = Base; path = Base.lproj/LaunchScreen.storyboard; sourceTree = "<group>"; };
		24D70BC3239A552F00CCC6FD /* Info.plist */ = {isa = PBXFileReference; lastKnownFileType = text.plist.xml; path = Info.plist; sourceTree = "<group>"; };
		24D70BC9239A58D100CCC6FD /* ViewModel.swift */ = {isa = PBXFileReference; lastKnownFileType = sourcecode.swift; path = ViewModel.swift; sourceTree = "<group>"; };
		83C1EDF920A4F285B9CAE980 /* Pods-TestTaskAlarm.debug.xcconfig */ = {isa = PBXFileReference; includeInIndex = 1; lastKnownFileType = text.xcconfig; name = "Pods-TestTaskAlarm.debug.xcconfig"; path = "Target Support Files/Pods-TestTaskAlarm/Pods-TestTaskAlarm.debug.xcconfig"; sourceTree = "<group>"; };
		D68C4AA376A16D6C28277D26 /* Pods_TestTaskAlarm.framework */ = {isa = PBXFileReference; explicitFileType = wrapper.framework; includeInIndex = 0; path = Pods_TestTaskAlarm.framework; sourceTree = BUILT_PRODUCTS_DIR; };
/* End PBXFileReference section */

/* Begin PBXFrameworksBuildPhase section */
		24D70BAF239A552900CCC6FD /* Frameworks */ = {
			isa = PBXFrameworksBuildPhase;
			buildActionMask = 2147483647;
			files = (
				E8D0A1111E359F4CAFE1C2D1 /* Pods_TestTaskAlarm.framework in Frameworks */,
			);
			runOnlyForDeploymentPostprocessing = 0;
		};
/* End PBXFrameworksBuildPhase section */

/* Begin PBXGroup section */
		24BAD568239A73C400423111 /* Model */ = {
			isa = PBXGroup;
			children = (
			);
			path = Model;
			sourceTree = "<group>";
		};
		24BAD569239A73D400423111 /* Service */ = {
			isa = PBXGroup;
			children = (
				24BAD56C239A743100423111 /* ScheduleDate.swift */,
			);
			path = Service;
			sourceTree = "<group>";
		};
		24BAD56A239A73E000423111 /* ViewModel */ = {
			isa = PBXGroup;
			children = (
				24D70BC9239A58D100CCC6FD /* ViewModel.swift */,
				2484BC59239A7D0F00BEE97E /* DetailVCViewModel.swift */,
			);
			path = ViewModel;
			sourceTree = "<group>";
		};
		24BAD56B239A73EB00423111 /* View */ = {
			isa = PBXGroup;
			children = (
				24D70BB9239A552900CCC6FD /* FirstViewController.swift */,
				24BAD566239A69F800423111 /* DetailViewController.swift */,
			);
			path = View;
			sourceTree = "<group>";
		};
		24D70BA9239A552900CCC6FD = {
			isa = PBXGroup;
			children = (
				24D70BB4239A552900CCC6FD /* TestTaskAlarm */,
				24D70BB3239A552900CCC6FD /* Products */,
				9C365AB592A3E0D074644747 /* Pods */,
				9AE9A158C68ACC11B894688F /* Frameworks */,
			);
			sourceTree = "<group>";
		};
		24D70BB3239A552900CCC6FD /* Products */ = {
			isa = PBXGroup;
			children = (
				24D70BB2239A552900CCC6FD /* TestTaskAlarm.app */,
			);
			name = Products;
			sourceTree = "<group>";
		};
		24D70BB4239A552900CCC6FD /* TestTaskAlarm */ = {
			isa = PBXGroup;
			children = (
				3941F586239D20720031FE45 /* Supporting Files */,
				24BAD56B239A73EB00423111 /* View */,
				24BAD56A239A73E000423111 /* ViewModel */,
				24BAD569239A73D400423111 /* Service */,
				24BAD568239A73C400423111 /* Model */,
			);
			path = TestTaskAlarm;
			sourceTree = "<group>";
		};
		3941F586239D20720031FE45 /* Supporting Files */ = {
			isa = PBXGroup;
			children = (
				24D70BB5239A552900CCC6FD /* AppDelegate.swift */,
				24D70BB7239A552900CCC6FD /* SceneDelegate.swift */,
				24D70BBB239A552900CCC6FD /* Main.storyboard */,
				24D70BBE239A552F00CCC6FD /* Assets.xcassets */,
				24D70BC0239A552F00CCC6FD /* LaunchScreen.storyboard */,
				24D70BC3239A552F00CCC6FD /* Info.plist */,
			);
			path = "Supporting Files";
			sourceTree = "<group>";
		};
		9AE9A158C68ACC11B894688F /* Frameworks */ = {
			isa = PBXGroup;
			children = (
				D68C4AA376A16D6C28277D26 /* Pods_TestTaskAlarm.framework */,
			);
			name = Frameworks;
			sourceTree = "<group>";
		};
		9C365AB592A3E0D074644747 /* Pods */ = {
			isa = PBXGroup;
			children = (
				83C1EDF920A4F285B9CAE980 /* Pods-TestTaskAlarm.debug.xcconfig */,
				17AD9B975F087D7E83E73983 /* Pods-TestTaskAlarm.release.xcconfig */,
			);
			path = Pods;
			sourceTree = "<group>";
		};
/* End PBXGroup section */

/* Begin PBXNativeTarget section */
		24D70BB1239A552900CCC6FD /* TestTaskAlarm */ = {
			isa = PBXNativeTarget;
			buildConfigurationList = 24D70BC6239A552F00CCC6FD /* Build configuration list for PBXNativeTarget "TestTaskAlarm" */;
			buildPhases = (
				D6F846B655C96FB04F08A799 /* [CP] Check Pods Manifest.lock */,
				24D70BAE239A552900CCC6FD /* Sources */,
				24D70BAF239A552900CCC6FD /* Frameworks */,
				24D70BB0239A552900CCC6FD /* Resources */,
				9247BAB0599A22F61C0896CB /* [CP] Embed Pods Frameworks */,
			);
			buildRules = (
			);
			dependencies = (
			);
			name = TestTaskAlarm;
			productName = TestTaskAlarm;
			productReference = 24D70BB2239A552900CCC6FD /* TestTaskAlarm.app */;
			productType = "com.apple.product-type.application";
		};
/* End PBXNativeTarget section */

/* Begin PBXProject section */
		24D70BAA239A552900CCC6FD /* Project object */ = {
			isa = PBXProject;
			attributes = {
				LastSwiftUpdateCheck = 1110;
				LastUpgradeCheck = 1110;
				ORGANIZATIONNAME = "Aidar Zhussupov";
				TargetAttributes = {
					24D70BB1239A552900CCC6FD = {
						CreatedOnToolsVersion = 11.1;
					};
				};
			};
			buildConfigurationList = 24D70BAD239A552900CCC6FD /* Build configuration list for PBXProject "TestTaskAlarm" */;
			compatibilityVersion = "Xcode 9.3";
			developmentRegion = en;
			hasScannedForEncodings = 0;
			knownRegions = (
				en,
				Base,
			);
			mainGroup = 24D70BA9239A552900CCC6FD;
			productRefGroup = 24D70BB3239A552900CCC6FD /* Products */;
			projectDirPath = "";
			projectRoot = "";
			targets = (
				24D70BB1239A552900CCC6FD /* TestTaskAlarm */,
			);
		};
/* End PBXProject section */

/* Begin PBXResourcesBuildPhase section */
		24D70BB0239A552900CCC6FD /* Resources */ = {
			isa = PBXResourcesBuildPhase;
			buildActionMask = 2147483647;
			files = (
				24D70BC2239A552F00CCC6FD /* LaunchScreen.storyboard in Resources */,
				24D70BBF239A552F00CCC6FD /* Assets.xcassets in Resources */,
				24D70BBD239A552900CCC6FD /* Main.storyboard in Resources */,
			);
			runOnlyForDeploymentPostprocessing = 0;
		};
/* End PBXResourcesBuildPhase section */

/* Begin PBXShellScriptBuildPhase section */
		9247BAB0599A22F61C0896CB /* [CP] Embed Pods Frameworks */ = {
			isa = PBXShellScriptBuildPhase;
			buildActionMask = 2147483647;
			files = (
			);
			inputFileListPaths = (
			);
			inputPaths = (
				"${PODS_ROOT}/Target Support Files/Pods-TestTaskAlarm/Pods-TestTaskAlarm-frameworks.sh",
				"${BUILT_PRODUCTS_DIR}/RxCocoa/RxCocoa.framework",
				"${BUILT_PRODUCTS_DIR}/RxRelay/RxRelay.framework",
				"${BUILT_PRODUCTS_DIR}/RxSwift/RxSwift.framework",
			);
			name = "[CP] Embed Pods Frameworks";
			outputFileListPaths = (
			);
			outputPaths = (
				"${TARGET_BUILD_DIR}/${FRAMEWORKS_FOLDER_PATH}/RxCocoa.framework",
				"${TARGET_BUILD_DIR}/${FRAMEWORKS_FOLDER_PATH}/RxRelay.framework",
				"${TARGET_BUILD_DIR}/${FRAMEWORKS_FOLDER_PATH}/RxSwift.framework",
			);
			runOnlyForDeploymentPostprocessing = 0;
			shellPath = /bin/sh;
			shellScript = "\"${PODS_ROOT}/Target Support Files/Pods-TestTaskAlarm/Pods-TestTaskAlarm-frameworks.sh\"\n";
			showEnvVarsInLog = 0;
		};
		D6F846B655C96FB04F08A799 /* [CP] Check Pods Manifest.lock */ = {
			isa = PBXShellScriptBuildPhase;
			buildActionMask = 2147483647;
			files = (
			);
			inputFileListPaths = (
			);
			inputPaths = (
				"${PODS_PODFILE_DIR_PATH}/Podfile.lock",
				"${PODS_ROOT}/Manifest.lock",
			);
			name = "[CP] Check Pods Manifest.lock";
			outputFileListPaths = (
			);
			outputPaths = (
				"$(DERIVED_FILE_DIR)/Pods-TestTaskAlarm-checkManifestLockResult.txt",
			);
			runOnlyForDeploymentPostprocessing = 0;
			shellPath = /bin/sh;
			shellScript = "diff \"${PODS_PODFILE_DIR_PATH}/Podfile.lock\" \"${PODS_ROOT}/Manifest.lock\" > /dev/null\nif [ $? != 0 ] ; then\n    # print error to STDERR\n    echo \"error: The sandbox is not in sync with the Podfile.lock. Run 'pod install' or update your CocoaPods installation.\" >&2\n    exit 1\nfi\n# This output is used by Xcode 'outputs' to avoid re-running this script phase.\necho \"SUCCESS\" > \"${SCRIPT_OUTPUT_FILE_0}\"\n";
			showEnvVarsInLog = 0;
		};
/* End PBXShellScriptBuildPhase section */

/* Begin PBXSourcesBuildPhase section */
		24D70BAE239A552900CCC6FD /* Sources */ = {
			isa = PBXSourcesBuildPhase;
			buildActionMask = 2147483647;
			files = (
				24BAD56D239A743100423111 /* ScheduleDate.swift in Sources */,
				24D70BBA239A552900CCC6FD /* FirstViewController.swift in Sources */,
				2484BC5A239A7D0F00BEE97E /* DetailVCViewModel.swift in Sources */,
				24D70BB6239A552900CCC6FD /* AppDelegate.swift in Sources */,
				24BAD567239A69F800423111 /* DetailViewController.swift in Sources */,
				24D70BCA239A58D200CCC6FD /* ViewModel.swift in Sources */,
				24D70BB8239A552900CCC6FD /* SceneDelegate.swift in Sources */,
			);
			runOnlyForDeploymentPostprocessing = 0;
		};
/* End PBXSourcesBuildPhase section */

/* Begin PBXVariantGroup section */
		24D70BBB239A552900CCC6FD /* Main.storyboard */ = {
			isa = PBXVariantGroup;
			children = (
				24D70BBC239A552900CCC6FD /* Base */,
			);
			name = Main.storyboard;
			sourceTree = "<group>";
		};
		24D70BC0239A552F00CCC6FD /* LaunchScreen.storyboard */ = {
			isa = PBXVariantGroup;
			children = (
				24D70BC1239A552F00CCC6FD /* Base */,
			);
			name = LaunchScreen.storyboard;
			sourceTree = "<group>";
		};
/* End PBXVariantGroup section */

/* Begin XCBuildConfiguration section */
		24D70BC4239A552F00CCC6FD /* Debug */ = {
			isa = XCBuildConfiguration;
			buildSettings = {
				ALWAYS_SEARCH_USER_PATHS = NO;
				CLANG_ANALYZER_NONNULL = YES;
				CLANG_ANALYZER_NUMBER_OBJECT_CONVERSION = YES_AGGRESSIVE;
				CLANG_CXX_LANGUAGE_STANDARD = "gnu++14";
				CLANG_CXX_LIBRARY = "libc++";
				CLANG_ENABLE_MODULES = YES;
				CLANG_ENABLE_OBJC_ARC = YES;
				CLANG_ENABLE_OBJC_WEAK = YES;
				CLANG_WARN_BLOCK_CAPTURE_AUTORELEASING = YES;
				CLANG_WARN_BOOL_CONVERSION = YES;
				CLANG_WARN_COMMA = YES;
				CLANG_WARN_CONSTANT_CONVERSION = YES;
				CLANG_WARN_DEPRECATED_OBJC_IMPLEMENTATIONS = YES;
				CLANG_WARN_DIRECT_OBJC_ISA_USAGE = YES_ERROR;
				CLANG_WARN_DOCUMENTATION_COMMENTS = YES;
				CLANG_WARN_EMPTY_BODY = YES;
				CLANG_WARN_ENUM_CONVERSION = YES;
				CLANG_WARN_INFINITE_RECURSION = YES;
				CLANG_WARN_INT_CONVERSION = YES;
				CLANG_WARN_NON_LITERAL_NULL_CONVERSION = YES;
				CLANG_WARN_OBJC_IMPLICIT_RETAIN_SELF = YES;
				CLANG_WARN_OBJC_LITERAL_CONVERSION = YES;
				CLANG_WARN_OBJC_ROOT_CLASS = YES_ERROR;
				CLANG_WARN_RANGE_LOOP_ANALYSIS = YES;
				CLANG_WARN_STRICT_PROTOTYPES = YES;
				CLANG_WARN_SUSPICIOUS_MOVE = YES;
				CLANG_WARN_UNGUARDED_AVAILABILITY = YES_AGGRESSIVE;
				CLANG_WARN_UNREACHABLE_CODE = YES;
				CLANG_WARN__DUPLICATE_METHOD_MATCH = YES;
				COPY_PHASE_STRIP = NO;
				DEBUG_INFORMATION_FORMAT = dwarf;
				ENABLE_STRICT_OBJC_MSGSEND = YES;
				ENABLE_TESTABILITY = YES;
				GCC_C_LANGUAGE_STANDARD = gnu11;
				GCC_DYNAMIC_NO_PIC = NO;
				GCC_NO_COMMON_BLOCKS = YES;
				GCC_OPTIMIZATION_LEVEL = 0;
				GCC_PREPROCESSOR_DEFINITIONS = (
					"DEBUG=1",
					"$(inherited)",
				);
				GCC_WARN_64_TO_32_BIT_CONVERSION = YES;
				GCC_WARN_ABOUT_RETURN_TYPE = YES_ERROR;
				GCC_WARN_UNDECLARED_SELECTOR = YES;
				GCC_WARN_UNINITIALIZED_AUTOS = YES_AGGRESSIVE;
				GCC_WARN_UNUSED_FUNCTION = YES;
				GCC_WARN_UNUSED_VARIABLE = YES;
				IPHONEOS_DEPLOYMENT_TARGET = 13.1;
				MTL_ENABLE_DEBUG_INFO = INCLUDE_SOURCE;
				MTL_FAST_MATH = YES;
				ONLY_ACTIVE_ARCH = YES;
				SDKROOT = iphoneos;
				SWIFT_ACTIVE_COMPILATION_CONDITIONS = DEBUG;
				SWIFT_OPTIMIZATION_LEVEL = "-Onone";
			};
			name = Debug;
		};
		24D70BC5239A552F00CCC6FD /* Release */ = {
			isa = XCBuildConfiguration;
			buildSettings = {
				ALWAYS_SEARCH_USER_PATHS = NO;
				CLANG_ANALYZER_NONNULL = YES;
				CLANG_ANALYZER_NUMBER_OBJECT_CONVERSION = YES_AGGRESSIVE;
				CLANG_CXX_LANGUAGE_STANDARD = "gnu++14";
				CLANG_CXX_LIBRARY = "libc++";
				CLANG_ENABLE_MODULES = YES;
				CLANG_ENABLE_OBJC_ARC = YES;
				CLANG_ENABLE_OBJC_WEAK = YES;
				CLANG_WARN_BLOCK_CAPTURE_AUTORELEASING = YES;
				CLANG_WARN_BOOL_CONVERSION = YES;
				CLANG_WARN_COMMA = YES;
				CLANG_WARN_CONSTANT_CONVERSION = YES;
				CLANG_WARN_DEPRECATED_OBJC_IMPLEMENTATIONS = YES;
				CLANG_WARN_DIRECT_OBJC_ISA_USAGE = YES_ERROR;
				CLANG_WARN_DOCUMENTATION_COMMENTS = YES;
				CLANG_WARN_EMPTY_BODY = YES;
				CLANG_WARN_ENUM_CONVERSION = YES;
				CLANG_WARN_INFINITE_RECURSION = YES;
				CLANG_WARN_INT_CONVERSION = YES;
				CLANG_WARN_NON_LITERAL_NULL_CONVERSION = YES;
				CLANG_WARN_OBJC_IMPLICIT_RETAIN_SELF = YES;
				CLANG_WARN_OBJC_LITERAL_CONVERSION = YES;
				CLANG_WARN_OBJC_ROOT_CLASS = YES_ERROR;
				CLANG_WARN_RANGE_LOOP_ANALYSIS = YES;
				CLANG_WARN_STRICT_PROTOTYPES = YES;
				CLANG_WARN_SUSPICIOUS_MOVE = YES;
				CLANG_WARN_UNGUARDED_AVAILABILITY = YES_AGGRESSIVE;
				CLANG_WARN_UNREACHABLE_CODE = YES;
				CLANG_WARN__DUPLICATE_METHOD_MATCH = YES;
				COPY_PHASE_STRIP = NO;
				DEBUG_INFORMATION_FORMAT = "dwarf-with-dsym";
				ENABLE_NS_ASSERTIONS = NO;
				ENABLE_STRICT_OBJC_MSGSEND = YES;
				GCC_C_LANGUAGE_STANDARD = gnu11;
				GCC_NO_COMMON_BLOCKS = YES;
				GCC_WARN_64_TO_32_BIT_CONVERSION = YES;
				GCC_WARN_ABOUT_RETURN_TYPE = YES_ERROR;
				GCC_WARN_UNDECLARED_SELECTOR = YES;
				GCC_WARN_UNINITIALIZED_AUTOS = YES_AGGRESSIVE;
				GCC_WARN_UNUSED_FUNCTION = YES;
				GCC_WARN_UNUSED_VARIABLE = YES;
				IPHONEOS_DEPLOYMENT_TARGET = 13.1;
				MTL_ENABLE_DEBUG_INFO = NO;
				MTL_FAST_MATH = YES;
				SDKROOT = iphoneos;
				SWIFT_COMPILATION_MODE = wholemodule;
				SWIFT_OPTIMIZATION_LEVEL = "-O";
				VALIDATE_PRODUCT = YES;
			};
			name = Release;
		};
		24D70BC7239A552F00CCC6FD /* Debug */ = {
			isa = XCBuildConfiguration;
			baseConfigurationReference = 83C1EDF920A4F285B9CAE980 /* Pods-TestTaskAlarm.debug.xcconfig */;
			buildSettings = {
				ASSETCATALOG_COMPILER_APPICON_NAME = AppIcon;
				CODE_SIGN_STYLE = Automatic;
				DEVELOPMENT_TEAM = 6KB5RUBFJK;
				INFOPLIST_FILE = "TestTaskAlarm/Supporting Files/Info.plist";
				LD_RUNPATH_SEARCH_PATHS = (
					"$(inherited)",
					"@executable_path/Frameworks",
				);
				PRODUCT_BUNDLE_IDENTIFIER = kaisheng.TestTaskAlarm;
				PRODUCT_NAME = "$(TARGET_NAME)";
				SWIFT_VERSION = 5.0;
				TARGETED_DEVICE_FAMILY = 1;
			};
			name = Debug;
		};
		24D70BC8239A552F00CCC6FD /* Release */ = {
			isa = XCBuildConfiguration;
			baseConfigurationReference = 17AD9B975F087D7E83E73983 /* Pods-TestTaskAlarm.release.xcconfig */;
			buildSettings = {
				ASSETCATALOG_COMPILER_APPICON_NAME = AppIcon;
				CODE_SIGN_STYLE = Automatic;
				DEVELOPMENT_TEAM = 6KB5RUBFJK;
				INFOPLIST_FILE = "TestTaskAlarm/Supporting Files/Info.plist";
				LD_RUNPATH_SEARCH_PATHS = (
					"$(inherited)",
					"@executable_path/Frameworks",
				);
				PRODUCT_BUNDLE_IDENTIFIER = kaisheng.TestTaskAlarm;
				PRODUCT_NAME = "$(TARGET_NAME)";
				SWIFT_VERSION = 5.0;
				TARGETED_DEVICE_FAMILY = 1;
			};
			name = Release;
		};
/* End XCBuildConfiguration section */

/* Begin XCConfigurationList section */
		24D70BAD239A552900CCC6FD /* Build configuration list for PBXProject "TestTaskAlarm" */ = {
			isa = XCConfigurationList;
			buildConfigurations = (
				24D70BC4239A552F00CCC6FD /* Debug */,
				24D70BC5239A552F00CCC6FD /* Release */,
			);
			defaultConfigurationIsVisible = 0;
			defaultConfigurationName = Release;
		};
		24D70BC6239A552F00CCC6FD /* Build configuration list for PBXNativeTarget "TestTaskAlarm" */ = {
			isa = XCConfigurationList;
			buildConfigurations = (
				24D70BC7239A552F00CCC6FD /* Debug */,
				24D70BC8239A552F00CCC6FD /* Release */,
			);
			defaultConfigurationIsVisible = 0;
			defaultConfigurationName = Release;
		};
/* End XCConfigurationList section */
	};
	rootObject = 24D70BAA239A552900CCC6FD /* Project object */;
}
